PODS:
  - Cent (3.0.3):
    - Dollar (~> 3.0.3)
  - Dollar (3.0.3)
  - SwiftMoment (0.1.2)

DEPENDENCIES:
  - Cent (from `https://github.com/ankurp/Dollar.swift.git`, branch `swift-2-xcode-7`)
  - Dollar (from `https://github.com/ankurp/Dollar.swift.git`, branch `swift-2-xcode-7`)
  - SwiftMoment (from `https://github.com/amg1976/SwiftMoment.git`, branch `swift-2-0`)

EXTERNAL SOURCES:
  Cent:
    :branch: swift-2-xcode-7
    :git: https://github.com/ankurp/Dollar.swift.git
  Dollar:
    :branch: swift-2-xcode-7
    :git: https://github.com/ankurp/Dollar.swift.git
  SwiftMoment:
    :branch: swift-2-0
    :git: https://github.com/amg1976/SwiftMoment.git

CHECKOUT OPTIONS:
  Cent:
    :commit: a26876b19e25c6e7f1262040505f7835974e483c
    :git: https://github.com/ankurp/Dollar.swift.git
  Dollar:
    :commit: a26876b19e25c6e7f1262040505f7835974e483c
    :git: https://github.com/ankurp/Dollar.swift.git
  SwiftMoment:
    :commit: 281343e5d2455c189127a33cc2d7ce2927c1e11a
    :git: https://github.com/amg1976/SwiftMoment.git

SPEC CHECKSUMS:
  Cent: 3ad646e53bb97085bbf1e63520eeb3b5430dac6a
  Dollar: ae37f1da42cdc16061fcc1e91a070281b207f5c8
  SwiftMoment: 2734cb1fc3d6e42a3ba8c4e188e64d3418d85972

COCOAPODS: 0.38.2
