// !$*UTF8*$!
{
	archiveVersion = 1;
	classes = {
	};
	objectVersion = 46;
	objects = {

/* Begin PBXBuildFile section */
		204661571BAE07A800B47003 /* FPTFavouriteTeam.swift in Sources */ = {isa = PBXBuildFile; fileRef = 204661561BAE07A800B47003 /* FPTFavouriteTeam.swift */; settings = {ASSET_TAGS = (); }; };
		204661591BAE07A800B47003 /* FPTFavouriteTeam.swift in Sources */ = {isa = PBXBuildFile; fileRef = 204661561BAE07A800B47003 /* FPTFavouriteTeam.swift */; settings = {ASSET_TAGS = (); }; };
		204E36641B8CFF7C00A063A3 /* FPTAppConfiguration.swift in Sources */ = {isa = PBXBuildFile; fileRef = 204E36631B8CFF7C00A063A3 /* FPTAppConfiguration.swift */; };
		2062E4141BAD77A400E4B0B4 /* TODO in Resources */ = {isa = PBXBuildFile; fileRef = 2062E4131BAD77A400E4B0B4 /* TODO */; settings = {ASSET_TAGS = (); }; };
		206CE90D1BA238CB003FBBEF /* FPTTeam.swift in Sources */ = {isa = PBXBuildFile; fileRef = 206CE90C1BA238CB003FBBEF /* FPTTeam.swift */; };
		207D13451BA4AA61001F4D1B /* NotificationCenter.framework in Frameworks */ = {isa = PBXBuildFile; fileRef = 207D13441BA4AA61001F4D1B /* NotificationCenter.framework */; settings = {ASSET_TAGS = (); }; };
		207D13481BA4AA61001F4D1B /* NextGamesExtensionViewController.swift in Sources */ = {isa = PBXBuildFile; fileRef = 207D13471BA4AA61001F4D1B /* NextGamesExtensionViewController.swift */; };
		207D134B1BA4AA61001F4D1B /* MainInterface.storyboard in Resources */ = {isa = PBXBuildFile; fileRef = 207D13491BA4AA61001F4D1B /* MainInterface.storyboard */; };
		207D134F1BA4AA61001F4D1B /* NextGameExtension.appex in Embed App Extensions */ = {isa = PBXBuildFile; fileRef = 207D13431BA4AA61001F4D1B /* NextGameExtension.appex */; settings = {ATTRIBUTES = (RemoveHeadersOnCopy, ); }; };
		207D13671BA4D5D9001F4D1B /* Bolts.framework in Frameworks */ = {isa = PBXBuildFile; fileRef = 20B31B091B8A18CF002B5308 /* Bolts.framework */; settings = {ASSET_TAGS = (); }; };
		207D13681BA4D5D9001F4D1B /* Parse.framework in Frameworks */ = {isa = PBXBuildFile; fileRef = 20B31B0A1B8A18CF002B5308 /* Parse.framework */; settings = {ASSET_TAGS = (); }; };
		207D13691BA4D5D9001F4D1B /* ParseCrashReporting.framework in Frameworks */ = {isa = PBXBuildFile; fileRef = 20B31B0B1B8A18CF002B5308 /* ParseCrashReporting.framework */; settings = {ASSET_TAGS = (); }; };
		207D136A1BA4D5D9001F4D1B /* ParseUI.framework in Frameworks */ = {isa = PBXBuildFile; fileRef = 20B31B0C1B8A18CF002B5308 /* ParseUI.framework */; settings = {ASSET_TAGS = (); }; };
		207D136B1BA4D65A001F4D1B /* AudioToolbox.framework in Frameworks */ = {isa = PBXBuildFile; fileRef = 20B31B071B8A187C002B5308 /* AudioToolbox.framework */; };
		207D136D1BA4D662001F4D1B /* libsqlite3.tbd in Frameworks */ = {isa = PBXBuildFile; fileRef = 207D136C1BA4D662001F4D1B /* libsqlite3.tbd */; };
		207D136E1BA4D66D001F4D1B /* SystemConfiguration.framework in Frameworks */ = {isa = PBXBuildFile; fileRef = 20B31AF41B89EA60002B5308 /* SystemConfiguration.framework */; };
		207D136F1BA4D6AC001F4D1B /* FPTTeam.swift in Sources */ = {isa = PBXBuildFile; fileRef = 206CE90C1BA238CB003FBBEF /* FPTTeam.swift */; settings = {ASSET_TAGS = (); }; };
		207D13701BA4D6AC001F4D1B /* FPTGame.swift in Sources */ = {isa = PBXBuildFile; fileRef = 20B31B051B8A177E002B5308 /* FPTGame.swift */; settings = {ASSET_TAGS = (); }; };
		207D13721BA4D6F1001F4D1B /* SwiftMoment.framework in Frameworks */ = {isa = PBXBuildFile; fileRef = 207D13711BA4D6F1001F4D1B /* SwiftMoment.framework */; };
		207D13751BA4E487001F4D1B /* Cent.framework in Frameworks */ = {isa = PBXBuildFile; fileRef = 207D13731BA4E487001F4D1B /* Cent.framework */; };
		207D13761BA4E487001F4D1B /* Dollar.framework in Frameworks */ = {isa = PBXBuildFile; fileRef = 207D13741BA4E487001F4D1B /* Dollar.framework */; };
		2090E2971B8D188900C8BE48 /* FPTConstants.swift in Sources */ = {isa = PBXBuildFile; fileRef = 2090E2961B8D188900C8BE48 /* FPTConstants.swift */; };
		20B31ACA1B89DDD3002B5308 /* Main.storyboard in Resources */ = {isa = PBXBuildFile; fileRef = 20B31AC81B89DDD3002B5308 /* Main.storyboard */; };
		20B31ACC1B89DDD3002B5308 /* Images.xcassets in Resources */ = {isa = PBXBuildFile; fileRef = 20B31ACB1B89DDD3002B5308 /* Images.xcassets */; };
		20B31ACF1B89DDD3002B5308 /* LaunchScreen.xib in Resources */ = {isa = PBXBuildFile; fileRef = 20B31ACD1B89DDD3002B5308 /* LaunchScreen.xib */; };
		20B31ADB1B89DDD3002B5308 /* Futebol365Tests.swift in Sources */ = {isa = PBXBuildFile; fileRef = 20B31ADA1B89DDD3002B5308 /* Futebol365Tests.swift */; };
		20B31AF51B89EA60002B5308 /* SystemConfiguration.framework in Frameworks */ = {isa = PBXBuildFile; fileRef = 20B31AF41B89EA60002B5308 /* SystemConfiguration.framework */; };
		20B31AF71B89EA70002B5308 /* libsqlite3.dylib in Frameworks */ = {isa = PBXBuildFile; fileRef = 20B31AF61B89EA70002B5308 /* libsqlite3.dylib */; };
		20B31AF91B89EA78002B5308 /* libstdc++.6.dylib in Frameworks */ = {isa = PBXBuildFile; fileRef = 20B31AF81B89EA78002B5308 /* libstdc++.6.dylib */; };
		20B31B011B8A1648002B5308 /* AppDelegate.swift in Sources */ = {isa = PBXBuildFile; fileRef = 20B31AFE1B8A1648002B5308 /* AppDelegate.swift */; };
		20B31B021B8A1648002B5308 /* DetailViewController.swift in Sources */ = {isa = PBXBuildFile; fileRef = 20B31AFF1B8A1648002B5308 /* DetailViewController.swift */; };
		20B31B031B8A1648002B5308 /* TvGamesViewController.swift in Sources */ = {isa = PBXBuildFile; fileRef = 20B31B001B8A1648002B5308 /* TvGamesViewController.swift */; };
		20B31B061B8A177E002B5308 /* FPTGame.swift in Sources */ = {isa = PBXBuildFile; fileRef = 20B31B051B8A177E002B5308 /* FPTGame.swift */; };
		20B31B081B8A187C002B5308 /* AudioToolbox.framework in Frameworks */ = {isa = PBXBuildFile; fileRef = 20B31B071B8A187C002B5308 /* AudioToolbox.framework */; };
		20B31B0D1B8A18CF002B5308 /* Bolts.framework in Frameworks */ = {isa = PBXBuildFile; fileRef = 20B31B091B8A18CF002B5308 /* Bolts.framework */; };
		20B31B0E1B8A18CF002B5308 /* Parse.framework in Frameworks */ = {isa = PBXBuildFile; fileRef = 20B31B0A1B8A18CF002B5308 /* Parse.framework */; };
		20B31B0F1B8A18CF002B5308 /* ParseCrashReporting.framework in Frameworks */ = {isa = PBXBuildFile; fileRef = 20B31B0B1B8A18CF002B5308 /* ParseCrashReporting.framework */; };
		20B31B101B8A18CF002B5308 /* ParseUI.framework in Frameworks */ = {isa = PBXBuildFile; fileRef = 20B31B0C1B8A18CF002B5308 /* ParseUI.framework */; };
		5474C93D85B0756B611A941B /* Pods_Futebol365.framework in Frameworks */ = {isa = PBXBuildFile; fileRef = E94CC59F61A4EBEF823968E3 /* Pods_Futebol365.framework */; settings = {ATTRIBUTES = (Weak, ); }; };
/* End PBXBuildFile section */

/* Begin PBXContainerItemProxy section */
		207D134D1BA4AA61001F4D1B /* PBXContainerItemProxy */ = {
			isa = PBXContainerItemProxy;
			containerPortal = 20B31AB71B89DDD3002B5308 /* Project object */;
			proxyType = 1;
			remoteGlobalIDString = 207D13421BA4AA61001F4D1B;
			remoteInfo = NextGameExtension;
		};
		20B31AD51B89DDD3002B5308 /* PBXContainerItemProxy */ = {
			isa = PBXContainerItemProxy;
			containerPortal = 20B31AB71B89DDD3002B5308 /* Project object */;
			proxyType = 1;
			remoteGlobalIDString = 20B31ABE1B89DDD3002B5308;
			remoteInfo = Futebol365;
		};
/* End PBXContainerItemProxy section */

/* Begin PBXCopyFilesBuildPhase section */
		207D13531BA4AA61001F4D1B /* Embed App Extensions */ = {
			isa = PBXCopyFilesBuildPhase;
			buildActionMask = 2147483647;
			dstPath = "";
			dstSubfolderSpec = 13;
			files = (
				207D134F1BA4AA61001F4D1B /* NextGameExtension.appex in Embed App Extensions */,
			);
			name = "Embed App Extensions";
			runOnlyForDeploymentPostprocessing = 0;
		};
/* End PBXCopyFilesBuildPhase section */

/* Begin PBXFileReference section */
		204661561BAE07A800B47003 /* FPTFavouriteTeam.swift */ = {isa = PBXFileReference; fileEncoding = 4; lastKnownFileType = sourcecode.swift; path = FPTFavouriteTeam.swift; sourceTree = "<group>"; };
		204E36631B8CFF7C00A063A3 /* FPTAppConfiguration.swift */ = {isa = PBXFileReference; fileEncoding = 4; lastKnownFileType = sourcecode.swift; path = FPTAppConfiguration.swift; sourceTree = "<group>"; };
		2062E4131BAD77A400E4B0B4 /* TODO */ = {isa = PBXFileReference; fileEncoding = 4; lastKnownFileType = text; path = TODO; sourceTree = "<group>"; };
		206CE90C1BA238CB003FBBEF /* FPTTeam.swift */ = {isa = PBXFileReference; fileEncoding = 4; lastKnownFileType = sourcecode.swift; path = FPTTeam.swift; sourceTree = "<group>"; };
		207D13431BA4AA61001F4D1B /* NextGameExtension.appex */ = {isa = PBXFileReference; explicitFileType = "wrapper.app-extension"; includeInIndex = 0; path = NextGameExtension.appex; sourceTree = BUILT_PRODUCTS_DIR; };
		207D13441BA4AA61001F4D1B /* NotificationCenter.framework */ = {isa = PBXFileReference; lastKnownFileType = wrapper.framework; name = NotificationCenter.framework; path = System/Library/Frameworks/NotificationCenter.framework; sourceTree = SDKROOT; };
		207D13471BA4AA61001F4D1B /* NextGamesExtensionViewController.swift */ = {isa = PBXFileReference; lastKnownFileType = sourcecode.swift; path = NextGamesExtensionViewController.swift; sourceTree = "<group>"; };
		207D134A1BA4AA61001F4D1B /* Base */ = {isa = PBXFileReference; lastKnownFileType = file.storyboard; name = Base; path = Base.lproj/MainInterface.storyboard; sourceTree = "<group>"; };
		207D134C1BA4AA61001F4D1B /* Info.plist */ = {isa = PBXFileReference; lastKnownFileType = text.plist.xml; path = Info.plist; sourceTree = "<group>"; };
		207D136C1BA4D662001F4D1B /* libsqlite3.tbd */ = {isa = PBXFileReference; lastKnownFileType = "sourcecode.text-based-dylib-definition"; name = libsqlite3.tbd; path = usr/lib/libsqlite3.tbd; sourceTree = SDKROOT; };
		207D13711BA4D6F1001F4D1B /* SwiftMoment.framework */ = {isa = PBXFileReference; lastKnownFileType = wrapper.framework; name = SwiftMoment.framework; path = "Pods/../build/Debug-iphoneos/SwiftMoment.framework"; sourceTree = "<group>"; };
		207D13731BA4E487001F4D1B /* Cent.framework */ = {isa = PBXFileReference; lastKnownFileType = wrapper.framework; name = Cent.framework; path = "Pods/../build/Debug-iphoneos/Cent.framework"; sourceTree = "<group>"; };
		207D13741BA4E487001F4D1B /* Dollar.framework */ = {isa = PBXFileReference; lastKnownFileType = wrapper.framework; name = Dollar.framework; path = "Pods/../build/Debug-iphoneos/Dollar.framework"; sourceTree = "<group>"; };
		2090E2961B8D188900C8BE48 /* FPTConstants.swift */ = {isa = PBXFileReference; fileEncoding = 4; lastKnownFileType = sourcecode.swift; path = FPTConstants.swift; sourceTree = "<group>"; };
		20B31ABF1B89DDD3002B5308 /* Futebol365.app */ = {isa = PBXFileReference; explicitFileType = wrapper.application; includeInIndex = 0; path = Futebol365.app; sourceTree = BUILT_PRODUCTS_DIR; };
		20B31AC31B89DDD3002B5308 /* Info.plist */ = {isa = PBXFileReference; lastKnownFileType = text.plist.xml; path = Info.plist; sourceTree = "<group>"; };
		20B31AC91B89DDD3002B5308 /* Base */ = {isa = PBXFileReference; lastKnownFileType = file.storyboard; name = Base; path = Base.lproj/Main.storyboard; sourceTree = "<group>"; };
		20B31ACB1B89DDD3002B5308 /* Images.xcassets */ = {isa = PBXFileReference; lastKnownFileType = folder.assetcatalog; path = Images.xcassets; sourceTree = "<group>"; };
		20B31ACE1B89DDD3002B5308 /* Base */ = {isa = PBXFileReference; lastKnownFileType = file.xib; name = Base; path = Base.lproj/LaunchScreen.xib; sourceTree = "<group>"; };
		20B31AD41B89DDD3002B5308 /* Futebol365Tests.xctest */ = {isa = PBXFileReference; explicitFileType = wrapper.cfbundle; includeInIndex = 0; path = Futebol365Tests.xctest; sourceTree = BUILT_PRODUCTS_DIR; };
		20B31AD91B89DDD3002B5308 /* Info.plist */ = {isa = PBXFileReference; lastKnownFileType = text.plist.xml; path = Info.plist; sourceTree = "<group>"; };
		20B31ADA1B89DDD3002B5308 /* Futebol365Tests.swift */ = {isa = PBXFileReference; lastKnownFileType = sourcecode.swift; path = Futebol365Tests.swift; sourceTree = "<group>"; };
		20B31AE81B89DEB5002B5308 /* Futebol365-Bridging-Header.h */ = {isa = PBXFileReference; lastKnownFileType = sourcecode.c.h; path = "Futebol365-Bridging-Header.h"; sourceTree = "<group>"; };
		20B31AF41B89EA60002B5308 /* SystemConfiguration.framework */ = {isa = PBXFileReference; lastKnownFileType = wrapper.framework; name = SystemConfiguration.framework; path = System/Library/Frameworks/SystemConfiguration.framework; sourceTree = SDKROOT; };
		20B31AF61B89EA70002B5308 /* libsqlite3.dylib */ = {isa = PBXFileReference; lastKnownFileType = "compiled.mach-o.dylib"; name = libsqlite3.dylib; path = usr/lib/libsqlite3.dylib; sourceTree = SDKROOT; };
		20B31AF81B89EA78002B5308 /* libstdc++.6.dylib */ = {isa = PBXFileReference; lastKnownFileType = "compiled.mach-o.dylib"; name = "libstdc++.6.dylib"; path = "usr/lib/libstdc++.6.dylib"; sourceTree = SDKROOT; };
		20B31AFE1B8A1648002B5308 /* AppDelegate.swift */ = {isa = PBXFileReference; fileEncoding = 4; lastKnownFileType = sourcecode.swift; path = AppDelegate.swift; sourceTree = "<group>"; };
		20B31AFF1B8A1648002B5308 /* DetailViewController.swift */ = {isa = PBXFileReference; fileEncoding = 4; lastKnownFileType = sourcecode.swift; path = DetailViewController.swift; sourceTree = "<group>"; };
		20B31B001B8A1648002B5308 /* TvGamesViewController.swift */ = {isa = PBXFileReference; fileEncoding = 4; lastKnownFileType = sourcecode.swift; path = TvGamesViewController.swift; sourceTree = "<group>"; };
		20B31B051B8A177E002B5308 /* FPTGame.swift */ = {isa = PBXFileReference; fileEncoding = 4; lastKnownFileType = sourcecode.swift; path = FPTGame.swift; sourceTree = "<group>"; };
		20B31B071B8A187C002B5308 /* AudioToolbox.framework */ = {isa = PBXFileReference; lastKnownFileType = wrapper.framework; name = AudioToolbox.framework; path = System/Library/Frameworks/AudioToolbox.framework; sourceTree = SDKROOT; };
		20B31B091B8A18CF002B5308 /* Bolts.framework */ = {isa = PBXFileReference; lastKnownFileType = wrapper.framework; path = Bolts.framework; sourceTree = "<group>"; };
		20B31B0A1B8A18CF002B5308 /* Parse.framework */ = {isa = PBXFileReference; lastKnownFileType = wrapper.framework; path = Parse.framework; sourceTree = "<group>"; };
		20B31B0B1B8A18CF002B5308 /* ParseCrashReporting.framework */ = {isa = PBXFileReference; lastKnownFileType = wrapper.framework; path = ParseCrashReporting.framework; sourceTree = "<group>"; };
		20B31B0C1B8A18CF002B5308 /* ParseUI.framework */ = {isa = PBXFileReference; lastKnownFileType = wrapper.framework; path = ParseUI.framework; sourceTree = "<group>"; };
		AFB24A55F6454469695E75A8 /* Pods-Futebol365.debug.xcconfig */ = {isa = PBXFileReference; includeInIndex = 1; lastKnownFileType = text.xcconfig; name = "Pods-Futebol365.debug.xcconfig"; path = "Pods/Target Support Files/Pods-Futebol365/Pods-Futebol365.debug.xcconfig"; sourceTree = "<group>"; };
		B516E300B7E7F92E76F23B2B /* Pods-Futebol365.release.xcconfig */ = {isa = PBXFileReference; includeInIndex = 1; lastKnownFileType = text.xcconfig; name = "Pods-Futebol365.release.xcconfig"; path = "Pods/Target Support Files/Pods-Futebol365/Pods-Futebol365.release.xcconfig"; sourceTree = "<group>"; };
		E94CC59F61A4EBEF823968E3 /* Pods_Futebol365.framework */ = {isa = PBXFileReference; explicitFileType = wrapper.framework; includeInIndex = 0; path = Pods_Futebol365.framework; sourceTree = BUILT_PRODUCTS_DIR; };
/* End PBXFileReference section */

/* Begin PBXFrameworksBuildPhase section */
		207D13401BA4AA61001F4D1B /* Frameworks */ = {
			isa = PBXFrameworksBuildPhase;
			buildActionMask = 2147483647;
			files = (
				207D13751BA4E487001F4D1B /* Cent.framework in Frameworks */,
				207D13761BA4E487001F4D1B /* Dollar.framework in Frameworks */,
				207D13721BA4D6F1001F4D1B /* SwiftMoment.framework in Frameworks */,
				207D136E1BA4D66D001F4D1B /* SystemConfiguration.framework in Frameworks */,
				207D136D1BA4D662001F4D1B /* libsqlite3.tbd in Frameworks */,
				207D136B1BA4D65A001F4D1B /* AudioToolbox.framework in Frameworks */,
				207D13451BA4AA61001F4D1B /* NotificationCenter.framework in Frameworks */,
				207D13681BA4D5D9001F4D1B /* Parse.framework in Frameworks */,
				207D136A1BA4D5D9001F4D1B /* ParseUI.framework in Frameworks */,
				207D13671BA4D5D9001F4D1B /* Bolts.framework in Frameworks */,
				207D13691BA4D5D9001F4D1B /* ParseCrashReporting.framework in Frameworks */,
			);
			runOnlyForDeploymentPostprocessing = 0;
		};
		20B31ABC1B89DDD3002B5308 /* Frameworks */ = {
			isa = PBXFrameworksBuildPhase;
			buildActionMask = 2147483647;
			files = (
				20B31B081B8A187C002B5308 /* AudioToolbox.framework in Frameworks */,
				20B31B0F1B8A18CF002B5308 /* ParseCrashReporting.framework in Frameworks */,
				20B31B101B8A18CF002B5308 /* ParseUI.framework in Frameworks */,
				20B31AF91B89EA78002B5308 /* libstdc++.6.dylib in Frameworks */,
				20B31AF71B89EA70002B5308 /* libsqlite3.dylib in Frameworks */,
				20B31AF51B89EA60002B5308 /* SystemConfiguration.framework in Frameworks */,
				20B31B0E1B8A18CF002B5308 /* Parse.framework in Frameworks */,
				20B31B0D1B8A18CF002B5308 /* Bolts.framework in Frameworks */,
				5474C93D85B0756B611A941B /* Pods_Futebol365.framework in Frameworks */,
			);
			runOnlyForDeploymentPostprocessing = 0;
		};
		20B31AD11B89DDD3002B5308 /* Frameworks */ = {
			isa = PBXFrameworksBuildPhase;
			buildActionMask = 2147483647;
			files = (
			);
			runOnlyForDeploymentPostprocessing = 0;
		};
/* End PBXFrameworksBuildPhase section */

/* Begin PBXGroup section */
		204E36621B8CFF5000A063A3 /* Helpers */ = {
			isa = PBXGroup;
			children = (
				204E36631B8CFF7C00A063A3 /* FPTAppConfiguration.swift */,
				2090E2961B8D188900C8BE48 /* FPTConstants.swift */,
			);
			path = Helpers;
			sourceTree = "<group>";
		};
		206CE90E1BA385EC003FBBEF /* Assets */ = {
			isa = PBXGroup;
			children = (
				20B31ACB1B89DDD3002B5308 /* Images.xcassets */,
			);
			name = Assets;
			sourceTree = "<group>";
		};
		207D13461BA4AA61001F4D1B /* NextGameExtension */ = {
			isa = PBXGroup;
			children = (
				207D13471BA4AA61001F4D1B /* NextGamesExtensionViewController.swift */,
				207D13491BA4AA61001F4D1B /* MainInterface.storyboard */,
				207D134C1BA4AA61001F4D1B /* Info.plist */,
			);
			path = NextGameExtension;
			sourceTree = "<group>";
		};
		20B31AB61B89DDD3002B5308 = {
			isa = PBXGroup;
			children = (
				2062E4131BAD77A400E4B0B4 /* TODO */,
				20B31AFA1B89EAB3002B5308 /* Frameworks */,
				207D13461BA4AA61001F4D1B /* NextGameExtension */,
				20B31AC11B89DDD3002B5308 /* Futebol365 */,
				20B31AD71B89DDD3002B5308 /* Futebol365Tests */,
				20B31AC01B89DDD3002B5308 /* Products */,
				F4E870C9054AA253ED35DC01 /* Pods */,
			);
			sourceTree = "<group>";
		};
		20B31AC01B89DDD3002B5308 /* Products */ = {
			isa = PBXGroup;
			children = (
				20B31ABF1B89DDD3002B5308 /* Futebol365.app */,
				20B31AD41B89DDD3002B5308 /* Futebol365Tests.xctest */,
				207D13431BA4AA61001F4D1B /* NextGameExtension.appex */,
			);
			name = Products;
			sourceTree = "<group>";
		};
		20B31AC11B89DDD3002B5308 /* Futebol365 */ = {
			isa = PBXGroup;
			children = (
				204E36621B8CFF5000A063A3 /* Helpers */,
				20B31AE41B89DE2C002B5308 /* External */,
				20B31B041B8A1661002B5308 /* Models */,
				20B31AFD1B8A1648002B5308 /* Controllers */,
				20B31AFB1B8A160F002B5308 /* UI */,
				20B31AC21B89DDD3002B5308 /* Supporting Files */,
			);
			path = Futebol365;
			sourceTree = "<group>";
		};
		20B31AC21B89DDD3002B5308 /* Supporting Files */ = {
			isa = PBXGroup;
			children = (
				20B31AC31B89DDD3002B5308 /* Info.plist */,
				20B31AE81B89DEB5002B5308 /* Futebol365-Bridging-Header.h */,
			);
			name = "Supporting Files";
			sourceTree = "<group>";
		};
		20B31AD71B89DDD3002B5308 /* Futebol365Tests */ = {
			isa = PBXGroup;
			children = (
				20B31ADA1B89DDD3002B5308 /* Futebol365Tests.swift */,
				20B31AD81B89DDD3002B5308 /* Supporting Files */,
			);
			path = Futebol365Tests;
			sourceTree = "<group>";
		};
		20B31AD81B89DDD3002B5308 /* Supporting Files */ = {
			isa = PBXGroup;
			children = (
				20B31AD91B89DDD3002B5308 /* Info.plist */,
			);
			name = "Supporting Files";
			sourceTree = "<group>";
		};
		20B31AE41B89DE2C002B5308 /* External */ = {
			isa = PBXGroup;
			children = (
				20B31AEB1B89E9CC002B5308 /* Parse */,
			);
			path = External;
			sourceTree = "<group>";
		};
		20B31AEB1B89E9CC002B5308 /* Parse */ = {
			isa = PBXGroup;
			children = (
				20B31B091B8A18CF002B5308 /* Bolts.framework */,
				20B31B0A1B8A18CF002B5308 /* Parse.framework */,
				20B31B0B1B8A18CF002B5308 /* ParseCrashReporting.framework */,
				20B31B0C1B8A18CF002B5308 /* ParseUI.framework */,
			);
			path = Parse;
			sourceTree = "<group>";
		};
		20B31AFA1B89EAB3002B5308 /* Frameworks */ = {
			isa = PBXGroup;
			children = (
				207D13731BA4E487001F4D1B /* Cent.framework */,
				207D13741BA4E487001F4D1B /* Dollar.framework */,
				207D13711BA4D6F1001F4D1B /* SwiftMoment.framework */,
				207D136C1BA4D662001F4D1B /* libsqlite3.tbd */,
				20B31B071B8A187C002B5308 /* AudioToolbox.framework */,
				20B31AF81B89EA78002B5308 /* libstdc++.6.dylib */,
				20B31AF61B89EA70002B5308 /* libsqlite3.dylib */,
				20B31AF41B89EA60002B5308 /* SystemConfiguration.framework */,
				E94CC59F61A4EBEF823968E3 /* Pods_Futebol365.framework */,
				207D13441BA4AA61001F4D1B /* NotificationCenter.framework */,
			);
			name = Frameworks;
			sourceTree = "<group>";
		};
		20B31AFB1B8A160F002B5308 /* UI */ = {
			isa = PBXGroup;
			children = (
				206CE90E1BA385EC003FBBEF /* Assets */,
				20B31AC81B89DDD3002B5308 /* Main.storyboard */,
				20B31ACD1B89DDD3002B5308 /* LaunchScreen.xib */,
			);
			name = UI;
			sourceTree = "<group>";
		};
		20B31AFD1B8A1648002B5308 /* Controllers */ = {
			isa = PBXGroup;
			children = (
				20B31AFE1B8A1648002B5308 /* AppDelegate.swift */,
				20B31AFF1B8A1648002B5308 /* DetailViewController.swift */,
				20B31B001B8A1648002B5308 /* TvGamesViewController.swift */,
			);
			path = Controllers;
			sourceTree = "<group>";
		};
		20B31B041B8A1661002B5308 /* Models */ = {
			isa = PBXGroup;
			children = (
				204661561BAE07A800B47003 /* FPTFavouriteTeam.swift */,
				20B31B051B8A177E002B5308 /* FPTGame.swift */,
				206CE90C1BA238CB003FBBEF /* FPTTeam.swift */,
			);
			path = Models;
			sourceTree = "<group>";
		};
		F4E870C9054AA253ED35DC01 /* Pods */ = {
			isa = PBXGroup;
			children = (
				AFB24A55F6454469695E75A8 /* Pods-Futebol365.debug.xcconfig */,
				B516E300B7E7F92E76F23B2B /* Pods-Futebol365.release.xcconfig */,
			);
			name = Pods;
			sourceTree = "<group>";
		};
/* End PBXGroup section */

/* Begin PBXNativeTarget section */
		207D13421BA4AA61001F4D1B /* NextGameExtension */ = {
			isa = PBXNativeTarget;
			buildConfigurationList = 207D13521BA4AA61001F4D1B /* Build configuration list for PBXNativeTarget "NextGameExtension" */;
			buildPhases = (
				207D133F1BA4AA61001F4D1B /* Sources */,
				207D13401BA4AA61001F4D1B /* Frameworks */,
				207D13411BA4AA61001F4D1B /* Resources */,
			);
			buildRules = (
			);
			dependencies = (
			);
			name = NextGameExtension;
			productName = NextGameExtension;
			productReference = 207D13431BA4AA61001F4D1B /* NextGameExtension.appex */;
			productType = "com.apple.product-type.app-extension";
		};
		20B31ABE1B89DDD3002B5308 /* Futebol365 */ = {
			isa = PBXNativeTarget;
			buildConfigurationList = 20B31ADE1B89DDD3002B5308 /* Build configuration list for PBXNativeTarget "Futebol365" */;
			buildPhases = (
				A7254BD98ACCF689BADEDB9A /* Check Pods Manifest.lock */,
				20B31ABB1B89DDD3002B5308 /* Sources */,
				20B31ABC1B89DDD3002B5308 /* Frameworks */,
				20B31ABD1B89DDD3002B5308 /* Resources */,
				EB069F947A4449A2FB486FE3 /* Embed Pods Frameworks */,
				CEBF4105F2E4982A2B27780D /* Copy Pods Resources */,
				207D13531BA4AA61001F4D1B /* Embed App Extensions */,
			);
			buildRules = (
			);
			dependencies = (
				207D134E1BA4AA61001F4D1B /* PBXTargetDependency */,
			);
			name = Futebol365;
			productName = Futebol365;
			productReference = 20B31ABF1B89DDD3002B5308 /* Futebol365.app */;
			productType = "com.apple.product-type.application";
		};
		20B31AD31B89DDD3002B5308 /* Futebol365Tests */ = {
			isa = PBXNativeTarget;
			buildConfigurationList = 20B31AE11B89DDD3002B5308 /* Build configuration list for PBXNativeTarget "Futebol365Tests" */;
			buildPhases = (
				20B31AD01B89DDD3002B5308 /* Sources */,
				20B31AD11B89DDD3002B5308 /* Frameworks */,
				20B31AD21B89DDD3002B5308 /* Resources */,
			);
			buildRules = (
			);
			dependencies = (
				20B31AD61B89DDD3002B5308 /* PBXTargetDependency */,
			);
			name = Futebol365Tests;
			productName = Futebol365Tests;
			productReference = 20B31AD41B89DDD3002B5308 /* Futebol365Tests.xctest */;
			productType = "com.apple.product-type.bundle.unit-test";
		};
/* End PBXNativeTarget section */

/* Begin PBXProject section */
		20B31AB71B89DDD3002B5308 /* Project object */ = {
			isa = PBXProject;
			attributes = {
				LastSwiftUpdateCheck = 0700;
				LastUpgradeCheck = 0700;
				ORGANIZATIONNAME = "Adriano Goncalves";
				TargetAttributes = {
					207D13421BA4AA61001F4D1B = {
						CreatedOnToolsVersion = 7.0;
						DevelopmentTeam = M65H29N762;
					};
					20B31ABE1B89DDD3002B5308 = {
						CreatedOnToolsVersion = 6.4;
						DevelopmentTeam = M65H29N762;
					};
					20B31AD31B89DDD3002B5308 = {
						CreatedOnToolsVersion = 6.4;
						TestTargetID = 20B31ABE1B89DDD3002B5308;
					};
				};
			};
			buildConfigurationList = 20B31ABA1B89DDD3002B5308 /* Build configuration list for PBXProject "Futebol365" */;
			compatibilityVersion = "Xcode 3.2";
			developmentRegion = English;
			hasScannedForEncodings = 0;
			knownRegions = (
				en,
				Base,
			);
			mainGroup = 20B31AB61B89DDD3002B5308;
			productRefGroup = 20B31AC01B89DDD3002B5308 /* Products */;
			projectDirPath = "";
			projectRoot = "";
			targets = (
				20B31ABE1B89DDD3002B5308 /* Futebol365 */,
				20B31AD31B89DDD3002B5308 /* Futebol365Tests */,
				207D13421BA4AA61001F4D1B /* NextGameExtension */,
			);
		};
/* End PBXProject section */

/* Begin PBXResourcesBuildPhase section */
		207D13411BA4AA61001F4D1B /* Resources */ = {
			isa = PBXResourcesBuildPhase;
			buildActionMask = 2147483647;
			files = (
				207D134B1BA4AA61001F4D1B /* MainInterface.storyboard in Resources */,
			);
			runOnlyForDeploymentPostprocessing = 0;
		};
		20B31ABD1B89DDD3002B5308 /* Resources */ = {
			isa = PBXResourcesBuildPhase;
			buildActionMask = 2147483647;
			files = (
				20B31ACA1B89DDD3002B5308 /* Main.storyboard in Resources */,
				20B31ACF1B89DDD3002B5308 /* LaunchScreen.xib in Resources */,
				2062E4141BAD77A400E4B0B4 /* TODO in Resources */,
				20B31ACC1B89DDD3002B5308 /* Images.xcassets in Resources */,
			);
			runOnlyForDeploymentPostprocessing = 0;
		};
		20B31AD21B89DDD3002B5308 /* Resources */ = {
			isa = PBXResourcesBuildPhase;
			buildActionMask = 2147483647;
			files = (
			);
			runOnlyForDeploymentPostprocessing = 0;
		};
/* End PBXResourcesBuildPhase section */

/* Begin PBXShellScriptBuildPhase section */
		A7254BD98ACCF689BADEDB9A /* Check Pods Manifest.lock */ = {
			isa = PBXShellScriptBuildPhase;
			buildActionMask = 2147483647;
			files = (
			);
			inputPaths = (
			);
			name = "Check Pods Manifest.lock";
			outputPaths = (
			);
			runOnlyForDeploymentPostprocessing = 0;
			shellPath = /bin/sh;
			shellScript = "diff \"${PODS_ROOT}/../Podfile.lock\" \"${PODS_ROOT}/Manifest.lock\" > /dev/null\nif [[ $? != 0 ]] ; then\n    cat << EOM\nerror: The sandbox is not in sync with the Podfile.lock. Run 'pod install' or update your CocoaPods installation.\nEOM\n    exit 1\nfi\n";
			showEnvVarsInLog = 0;
		};
		CEBF4105F2E4982A2B27780D /* Copy Pods Resources */ = {
			isa = PBXShellScriptBuildPhase;
			buildActionMask = 2147483647;
			files = (
			);
			inputPaths = (
			);
			name = "Copy Pods Resources";
			outputPaths = (
			);
			runOnlyForDeploymentPostprocessing = 0;
			shellPath = /bin/sh;
			shellScript = "\"${SRCROOT}/Pods/Target Support Files/Pods-Futebol365/Pods-Futebol365-resources.sh\"\n";
			showEnvVarsInLog = 0;
		};
		EB069F947A4449A2FB486FE3 /* Embed Pods Frameworks */ = {
			isa = PBXShellScriptBuildPhase;
			buildActionMask = 2147483647;
			files = (
			);
			inputPaths = (
			);
			name = "Embed Pods Frameworks";
			outputPaths = (
			);
			runOnlyForDeploymentPostprocessing = 0;
			shellPath = /bin/sh;
			shellScript = "\"${SRCROOT}/Pods/Target Support Files/Pods-Futebol365/Pods-Futebol365-frameworks.sh\"\n";
			showEnvVarsInLog = 0;
		};
/* End PBXShellScriptBuildPhase section */

/* Begin PBXSourcesBuildPhase section */
		207D133F1BA4AA61001F4D1B /* Sources */ = {
			isa = PBXSourcesBuildPhase;
			buildActionMask = 2147483647;
			files = (
				207D13481BA4AA61001F4D1B /* NextGamesExtensionViewController.swift in Sources */,
				207D136F1BA4D6AC001F4D1B /* FPTTeam.swift in Sources */,
				207D13701BA4D6AC001F4D1B /* FPTGame.swift in Sources */,
				204661591BAE07A800B47003 /* FPTFavouriteTeam.swift in Sources */,
			);
			runOnlyForDeploymentPostprocessing = 0;
		};
		20B31ABB1B89DDD3002B5308 /* Sources */ = {
			isa = PBXSourcesBuildPhase;
			buildActionMask = 2147483647;
			files = (
				20B31B021B8A1648002B5308 /* DetailViewController.swift in Sources */,
				206CE90D1BA238CB003FBBEF /* FPTTeam.swift in Sources */,
				20B31B011B8A1648002B5308 /* AppDelegate.swift in Sources */,
				20B31B061B8A177E002B5308 /* FPTGame.swift in Sources */,
				20B31B031B8A1648002B5308 /* TvGamesViewController.swift in Sources */,
				204E36641B8CFF7C00A063A3 /* FPTAppConfiguration.swift in Sources */,
				2090E2971B8D188900C8BE48 /* FPTConstants.swift in Sources */,
				204661571BAE07A800B47003 /* FPTFavouriteTeam.swift in Sources */,
			);
			runOnlyForDeploymentPostprocessing = 0;
		};
		20B31AD01B89DDD3002B5308 /* Sources */ = {
			isa = PBXSourcesBuildPhase;
			buildActionMask = 2147483647;
			files = (
				20B31ADB1B89DDD3002B5308 /* Futebol365Tests.swift in Sources */,
			);
			runOnlyForDeploymentPostprocessing = 0;
		};
/* End PBXSourcesBuildPhase section */

/* Begin PBXTargetDependency section */
		207D134E1BA4AA61001F4D1B /* PBXTargetDependency */ = {
			isa = PBXTargetDependency;
			target = 207D13421BA4AA61001F4D1B /* NextGameExtension */;
			targetProxy = 207D134D1BA4AA61001F4D1B /* PBXContainerItemProxy */;
		};
		20B31AD61B89DDD3002B5308 /* PBXTargetDependency */ = {
			isa = PBXTargetDependency;
			target = 20B31ABE1B89DDD3002B5308 /* Futebol365 */;
			targetProxy = 20B31AD51B89DDD3002B5308 /* PBXContainerItemProxy */;
		};
/* End PBXTargetDependency section */

/* Begin PBXVariantGroup section */
		207D13491BA4AA61001F4D1B /* MainInterface.storyboard */ = {
			isa = PBXVariantGroup;
			children = (
				207D134A1BA4AA61001F4D1B /* Base */,
			);
			name = MainInterface.storyboard;
			sourceTree = "<group>";
		};
		20B31AC81B89DDD3002B5308 /* Main.storyboard */ = {
			isa = PBXVariantGroup;
			children = (
				20B31AC91B89DDD3002B5308 /* Base */,
			);
			name = Main.storyboard;
			sourceTree = "<group>";
		};
		20B31ACD1B89DDD3002B5308 /* LaunchScreen.xib */ = {
			isa = PBXVariantGroup;
			children = (
				20B31ACE1B89DDD3002B5308 /* Base */,
			);
			name = LaunchScreen.xib;
			sourceTree = "<group>";
		};
/* End PBXVariantGroup section */

/* Begin XCBuildConfiguration section */
		207D13501BA4AA61001F4D1B /* Debug */ = {
			isa = XCBuildConfiguration;
			buildSettings = {
				CODE_SIGN_IDENTITY = "iPhone Developer";
				DEBUG_INFORMATION_FORMAT = dwarf;
				ENABLE_BITCODE = NO;
				FRAMEWORK_SEARCH_PATHS = (
					"$(inherited)",
					"$(PROJECT_DIR)/Futebol365/External/Parse",
					"$(PROJECT_DIR)/build/Debug-iphoneos",
				);
				INFOPLIST_FILE = NextGameExtension/Info.plist;
				LD_RUNPATH_SEARCH_PATHS = "$(inherited) @executable_path/Frameworks @executable_path/../../Frameworks";
				PRODUCT_BUNDLE_IDENTIFIER = com.amg.Futebol365.NextGameExtension;
				PRODUCT_NAME = "$(TARGET_NAME)";
				SKIP_INSTALL = YES;
			};
			name = Debug;
		};
		207D13511BA4AA61001F4D1B /* Release */ = {
			isa = XCBuildConfiguration;
			buildSettings = {
				CODE_SIGN_IDENTITY = "iPhone Developer";
				ENABLE_BITCODE = NO;
				FRAMEWORK_SEARCH_PATHS = (
					"$(inherited)",
					"$(PROJECT_DIR)/Futebol365/External/Parse",
					"$(PROJECT_DIR)/build/Debug-iphoneos",
				);
				INFOPLIST_FILE = NextGameExtension/Info.plist;
				LD_RUNPATH_SEARCH_PATHS = "$(inherited) @executable_path/Frameworks @executable_path/../../Frameworks";
				PRODUCT_BUNDLE_IDENTIFIER = com.amg.Futebol365.NextGameExtension;
				PRODUCT_NAME = "$(TARGET_NAME)";
				SKIP_INSTALL = YES;
			};
			name = Release;
		};
		20B31ADC1B89DDD3002B5308 /* Debug */ = {
			isa = XCBuildConfiguration;
			buildSettings = {
				ALWAYS_SEARCH_USER_PATHS = NO;
				CLANG_CXX_LANGUAGE_STANDARD = "gnu++0x";
				CLANG_CXX_LIBRARY = "libc++";
				CLANG_ENABLE_MODULES = YES;
				CLANG_ENABLE_OBJC_ARC = YES;
				CLANG_WARN_BOOL_CONVERSION = YES;
				CLANG_WARN_CONSTANT_CONVERSION = YES;
				CLANG_WARN_DIRECT_OBJC_ISA_USAGE = YES_ERROR;
				CLANG_WARN_EMPTY_BODY = YES;
				CLANG_WARN_ENUM_CONVERSION = YES;
				CLANG_WARN_INT_CONVERSION = YES;
				CLANG_WARN_OBJC_ROOT_CLASS = YES_ERROR;
				CLANG_WARN_UNREACHABLE_CODE = YES;
				CLANG_WARN__DUPLICATE_METHOD_MATCH = YES;
				"CODE_SIGN_IDENTITY[sdk=iphoneos*]" = "iPhone Developer";
				COPY_PHASE_STRIP = NO;
				DEBUG_INFORMATION_FORMAT = "dwarf-with-dsym";
				ENABLE_STRICT_OBJC_MSGSEND = YES;
				ENABLE_TESTABILITY = YES;
				GCC_C_LANGUAGE_STANDARD = gnu99;
				GCC_DYNAMIC_NO_PIC = NO;
				GCC_NO_COMMON_BLOCKS = YES;
				GCC_OPTIMIZATION_LEVEL = 0;
				GCC_PREPROCESSOR_DEFINITIONS = (
					"DEBUG=1",
					"$(inherited)",
				);
				GCC_SYMBOLS_PRIVATE_EXTERN = NO;
				GCC_WARN_64_TO_32_BIT_CONVERSION = YES;
				GCC_WARN_ABOUT_RETURN_TYPE = YES_ERROR;
				GCC_WARN_UNDECLARED_SELECTOR = YES;
				GCC_WARN_UNINITIALIZED_AUTOS = YES_AGGRESSIVE;
				GCC_WARN_UNUSED_FUNCTION = YES;
				GCC_WARN_UNUSED_VARIABLE = YES;
				IPHONEOS_DEPLOYMENT_TARGET = 9.0;
				MTL_ENABLE_DEBUG_INFO = YES;
				ONLY_ACTIVE_ARCH = YES;
				SDKROOT = iphoneos;
				SWIFT_OPTIMIZATION_LEVEL = "-Onone";
			};
			name = Debug;
		};
		20B31ADD1B89DDD3002B5308 /* Release */ = {
			isa = XCBuildConfiguration;
			buildSettings = {
				ALWAYS_SEARCH_USER_PATHS = NO;
				CLANG_CXX_LANGUAGE_STANDARD = "gnu++0x";
				CLANG_CXX_LIBRARY = "libc++";
				CLANG_ENABLE_MODULES = YES;
				CLANG_ENABLE_OBJC_ARC = YES;
				CLANG_WARN_BOOL_CONVERSION = YES;
				CLANG_WARN_CONSTANT_CONVERSION = YES;
				CLANG_WARN_DIRECT_OBJC_ISA_USAGE = YES_ERROR;
				CLANG_WARN_EMPTY_BODY = YES;
				CLANG_WARN_ENUM_CONVERSION = YES;
				CLANG_WARN_INT_CONVERSION = YES;
				CLANG_WARN_OBJC_ROOT_CLASS = YES_ERROR;
				CLANG_WARN_UNREACHABLE_CODE = YES;
				CLANG_WARN__DUPLICATE_METHOD_MATCH = YES;
				"CODE_SIGN_IDENTITY[sdk=iphoneos*]" = "iPhone Developer";
				COPY_PHASE_STRIP = NO;
				DEBUG_INFORMATION_FORMAT = "dwarf-with-dsym";
				ENABLE_NS_ASSERTIONS = NO;
				ENABLE_STRICT_OBJC_MSGSEND = YES;
				GCC_C_LANGUAGE_STANDARD = gnu99;
				GCC_NO_COMMON_BLOCKS = YES;
				GCC_WARN_64_TO_32_BIT_CONVERSION = YES;
				GCC_WARN_ABOUT_RETURN_TYPE = YES_ERROR;
				GCC_WARN_UNDECLARED_SELECTOR = YES;
				GCC_WARN_UNINITIALIZED_AUTOS = YES_AGGRESSIVE;
				GCC_WARN_UNUSED_FUNCTION = YES;
				GCC_WARN_UNUSED_VARIABLE = YES;
				IPHONEOS_DEPLOYMENT_TARGET = 9.0;
				MTL_ENABLE_DEBUG_INFO = NO;
				SDKROOT = iphoneos;
				VALIDATE_PRODUCT = YES;
			};
			name = Release;
		};
		20B31ADF1B89DDD3002B5308 /* Debug */ = {
			isa = XCBuildConfiguration;
			baseConfigurationReference = AFB24A55F6454469695E75A8 /* Pods-Futebol365.debug.xcconfig */;
			buildSettings = {
				ASSETCATALOG_COMPILER_APPICON_NAME = AppIcon;
				CODE_SIGN_IDENTITY = "iPhone Developer";
				EMBEDDED_CONTENT_CONTAINS_SWIFT = YES;
				ENABLE_BITCODE = NO;
				FRAMEWORK_SEARCH_PATHS = (
					"$(inherited)",
					"$(PROJECT_DIR)/Futebol365/External/Parse",
				);
				INFOPLIST_FILE = Futebol365/Info.plist;
				LD_RUNPATH_SEARCH_PATHS = "$(inherited) @executable_path/Frameworks";
				PRODUCT_BUNDLE_IDENTIFIER = "com.amg.$(PRODUCT_NAME:rfc1034identifier)";
				PRODUCT_NAME = "$(TARGET_NAME)";
				SWIFT_OBJC_BRIDGING_HEADER = "$(PROJECT_DIR)/$(PROJECT_NAME)/Futebol365-Bridging-Header.h";
			};
			name = Debug;
		};
		20B31AE01B89DDD3002B5308 /* Release */ = {
			isa = XCBuildConfiguration;
			baseConfigurationReference = B516E300B7E7F92E76F23B2B /* Pods-Futebol365.release.xcconfig */;
			buildSettings = {
				ASSETCATALOG_COMPILER_APPICON_NAME = AppIcon;
				CODE_SIGN_IDENTITY = "iPhone Developer";
				EMBEDDED_CONTENT_CONTAINS_SWIFT = YES;
				ENABLE_BITCODE = NO;
				FRAMEWORK_SEARCH_PATHS = (
					"$(inherited)",
					"$(PROJECT_DIR)/Futebol365/External/Parse",
				);
				INFOPLIST_FILE = Futebol365/Info.plist;
				LD_RUNPATH_SEARCH_PATHS = "$(inherited) @executable_path/Frameworks";
				PRODUCT_BUNDLE_IDENTIFIER = "com.amg.$(PRODUCT_NAME:rfc1034identifier)";
				PRODUCT_NAME = "$(TARGET_NAME)";
				SWIFT_OBJC_BRIDGING_HEADER = "$(PROJECT_DIR)/$(PROJECT_NAME)/Futebol365-Bridging-Header.h";
			};
			name = Release;
		};
		20B31AE21B89DDD3002B5308 /* Debug */ = {
			isa = XCBuildConfiguration;
			buildSettings = {
				BUNDLE_LOADER = "$(TEST_HOST)";
				FRAMEWORK_SEARCH_PATHS = (
					"$(SDKROOT)/Developer/Library/Frameworks",
					"$(inherited)",
				);
				GCC_PREPROCESSOR_DEFINITIONS = (
					"DEBUG=1",
					"$(inherited)",
				);
				INFOPLIST_FILE = Futebol365Tests/Info.plist;
				LD_RUNPATH_SEARCH_PATHS = "$(inherited) @executable_path/Frameworks @loader_path/Frameworks";
				PRODUCT_BUNDLE_IDENTIFIER = "com.amg.$(PRODUCT_NAME:rfc1034identifier)";
				PRODUCT_NAME = "$(TARGET_NAME)";
				TEST_HOST = "$(BUILT_PRODUCTS_DIR)/Futebol365.app/Futebol365";
			};
			name = Debug;
		};
		20B31AE31B89DDD3002B5308 /* Release */ = {
			isa = XCBuildConfiguration;
			buildSettings = {
				BUNDLE_LOADER = "$(TEST_HOST)";
				FRAMEWORK_SEARCH_PATHS = (
					"$(SDKROOT)/Developer/Library/Frameworks",
					"$(inherited)",
				);
				INFOPLIST_FILE = Futebol365Tests/Info.plist;
				LD_RUNPATH_SEARCH_PATHS = "$(inherited) @executable_path/Frameworks @loader_path/Frameworks";
				PRODUCT_BUNDLE_IDENTIFIER = "com.amg.$(PRODUCT_NAME:rfc1034identifier)";
				PRODUCT_NAME = "$(TARGET_NAME)";
				TEST_HOST = "$(BUILT_PRODUCTS_DIR)/Futebol365.app/Futebol365";
			};
			name = Release;
		};
/* End XCBuildConfiguration section */

/* Begin XCConfigurationList section */
		207D13521BA4AA61001F4D1B /* Build configuration list for PBXNativeTarget "NextGameExtension" */ = {
			isa = XCConfigurationList;
			buildConfigurations = (
				207D13501BA4AA61001F4D1B /* Debug */,
				207D13511BA4AA61001F4D1B /* Release */,
			);
			defaultConfigurationIsVisible = 0;
			defaultConfigurationName = Release;
		};
		20B31ABA1B89DDD3002B5308 /* Build configuration list for PBXProject "Futebol365" */ = {
			isa = XCConfigurationList;
			buildConfigurations = (
				20B31ADC1B89DDD3002B5308 /* Debug */,
				20B31ADD1B89DDD3002B5308 /* Release */,
			);
			defaultConfigurationIsVisible = 0;
			defaultConfigurationName = Release;
		};
		20B31ADE1B89DDD3002B5308 /* Build configuration list for PBXNativeTarget "Futebol365" */ = {
			isa = XCConfigurationList;
			buildConfigurations = (
				20B31ADF1B89DDD3002B5308 /* Debug */,
				20B31AE01B89DDD3002B5308 /* Release */,
			);
			defaultConfigurationIsVisible = 0;
			defaultConfigurationName = Release;
		};
		20B31AE11B89DDD3002B5308 /* Build configuration list for PBXNativeTarget "Futebol365Tests" */ = {
			isa = XCConfigurationList;
			buildConfigurations = (
				20B31AE21B89DDD3002B5308 /* Debug */,
				20B31AE31B89DDD3002B5308 /* Release */,
			);
			defaultConfigurationIsVisible = 0;
			defaultConfigurationName = Release;
		};
/* End XCConfigurationList section */
	};
	rootObject = 20B31AB71B89DDD3002B5308 /* Project object */;
}
